// !$*UTF8*$!
{
	archiveVersion = 1;
	classes = {
	};
	objectVersion = 56;
	objects = {

/* Begin PBXBuildFile section */
		0505FE502B7C888100114C7A /* SearchResultsView.swift in Sources */ = {isa = PBXBuildFile; fileRef = 0505FE4F2B7C888100114C7A /* SearchResultsView.swift */; };
		0505FE542B7C890600114C7A /* ShopSearch.swift in Sources */ = {isa = PBXBuildFile; fileRef = 0505FE532B7C890600114C7A /* ShopSearch.swift */; };
		0595C29E2B7CCBB300F5EFE6 /* SearchDetailView.swift in Sources */ = {isa = PBXBuildFile; fileRef = 0595C29D2B7CCBB300F5EFE6 /* SearchDetailView.swift */; };
		0595C2A02B7D305A00F5EFE6 /* SearchViewModel.swift in Sources */ = {isa = PBXBuildFile; fileRef = 0595C29F2B7D305A00F5EFE6 /* SearchViewModel.swift */; };
		0595C2A32B7D51FA00F5EFE6 /* URLImage in Frameworks */ = {isa = PBXBuildFile; productRef = 0595C2A22B7D51FA00F5EFE6 /* URLImage */; };
		0595C2A52B7D51FA00F5EFE6 /* URLImageStore in Frameworks */ = {isa = PBXBuildFile; productRef = 0595C2A42B7D51FA00F5EFE6 /* URLImageStore */; };
		16472AA8DED336080741E7DA /* (null) in Frameworks */ = {isa = PBXBuildFile; };
		190625972B7D2F4800549D94 /* AverageCongestion.swift in Sources */ = {isa = PBXBuildFile; fileRef = 190625962B7D2F4800549D94 /* AverageCongestion.swift */; };
		190625992B7D2F5400549D94 /* DayCongestion.swift in Sources */ = {isa = PBXBuildFile; fileRef = 190625982B7D2F5400549D94 /* DayCongestion.swift */; };
		1906259B2B7D300600549D94 /* ShopDetailViewModel.swift in Sources */ = {isa = PBXBuildFile; fileRef = 1906259A2B7D300600549D94 /* ShopDetailViewModel.swift */; };
		190791C22B579CEC00F78D48 /* SearchView.swift in Sources */ = {isa = PBXBuildFile; fileRef = 190791C12B579CEC00F78D48 /* SearchView.swift */; };
		190791C62B579D0300F78D48 /* MyPageView.swift in Sources */ = {isa = PBXBuildFile; fileRef = 190791C52B579D0300F78D48 /* MyPageView.swift */; };
		190791D32B57AB3100F78D48 /* SCDream9.otf in Resources */ = {isa = PBXBuildFile; fileRef = 190791CA2B57AB3100F78D48 /* SCDream9.otf */; };
		190791D42B57AB3100F78D48 /* SCDream8.otf in Resources */ = {isa = PBXBuildFile; fileRef = 190791CB2B57AB3100F78D48 /* SCDream8.otf */; };
		190791D52B57AB3100F78D48 /* SCDream4.otf in Resources */ = {isa = PBXBuildFile; fileRef = 190791CC2B57AB3100F78D48 /* SCDream4.otf */; };
		190791D62B57AB3100F78D48 /* SCDream2.otf in Resources */ = {isa = PBXBuildFile; fileRef = 190791CD2B57AB3100F78D48 /* SCDream2.otf */; };
		190791D72B57AB3100F78D48 /* SCDream1.otf in Resources */ = {isa = PBXBuildFile; fileRef = 190791CE2B57AB3100F78D48 /* SCDream1.otf */; };
		190791D82B57AB3100F78D48 /* SCDream5.otf in Resources */ = {isa = PBXBuildFile; fileRef = 190791CF2B57AB3100F78D48 /* SCDream5.otf */; };
		190791D92B57AB3100F78D48 /* SCDream6.otf in Resources */ = {isa = PBXBuildFile; fileRef = 190791D02B57AB3100F78D48 /* SCDream6.otf */; };
		190791DA2B57AB3100F78D48 /* SCDream3.otf in Resources */ = {isa = PBXBuildFile; fileRef = 190791D12B57AB3100F78D48 /* SCDream3.otf */; };
		190791DB2B57AB3100F78D48 /* SCDream7.otf in Resources */ = {isa = PBXBuildFile; fileRef = 190791D22B57AB3100F78D48 /* SCDream7.otf */; };
		190791DE2B57AC2300F78D48 /* CustomFonts.swift in Sources */ = {isa = PBXBuildFile; fileRef = 190791DD2B57AC2300F78D48 /* CustomFonts.swift */; };
		1919357D2B56F38600396056 /* ColorCollection.swift in Sources */ = {isa = PBXBuildFile; fileRef = 1919357C2B56F38600396056 /* ColorCollection.swift */; };
		192005562B5C35D700CFB80D /* ShopDetailView.swift in Sources */ = {isa = PBXBuildFile; fileRef = 192005552B5C35D700CFB80D /* ShopDetailView.swift */; };
		192005582B5C377B00CFB80D /* ShopDetailMainView.swift in Sources */ = {isa = PBXBuildFile; fileRef = 192005572B5C377B00CFB80D /* ShopDetailMainView.swift */; };
		19249B6F2B5D9FA400CF7DAD /* ReviewView.swift in Sources */ = {isa = PBXBuildFile; fileRef = 19249B6E2B5D9FA400CF7DAD /* ReviewView.swift */; };
		19249B712B5D9FB400CF7DAD /* DensityInfoView.swift in Sources */ = {isa = PBXBuildFile; fileRef = 19249B702B5D9FB400CF7DAD /* DensityInfoView.swift */; };
		19249B732B5DA05000CF7DAD /* HelpInfoView.swift in Sources */ = {isa = PBXBuildFile; fileRef = 19249B722B5DA05000CF7DAD /* HelpInfoView.swift */; };
		194222862B5D3C8A006B3C30 /* Review.swift in Sources */ = {isa = PBXBuildFile; fileRef = 194222852B5D3C8A006B3C30 /* Review.swift */; };
		19517F3F2B57956600FDA71E /* MainTapView.swift in Sources */ = {isa = PBXBuildFile; fileRef = 19517F3E2B57956600FDA71E /* MainTapView.swift */; };
		19517F412B57996E00FDA71E /* HomeView.swift in Sources */ = {isa = PBXBuildFile; fileRef = 19517F402B57996E00FDA71E /* HomeView.swift */; };
		1980CD262B74C0A400ACF7FD /* ReviewViewModel.swift in Sources */ = {isa = PBXBuildFile; fileRef = 1980CD252B74C0A400ACF7FD /* ReviewViewModel.swift */; };
		1980CD292B74C43D00ACF7FD /* WebService.swift in Sources */ = {isa = PBXBuildFile; fileRef = 1980CD282B74C43D00ACF7FD /* WebService.swift */; };
		1980CD2C2B74C8C200ACF7FD /* MoreHelpInfoView.swift in Sources */ = {isa = PBXBuildFile; fileRef = 1980CD2B2B74C8C200ACF7FD /* MoreHelpInfoView.swift */; };
		1980CD2E2B74C97800ACF7FD /* HelpInfoWriteView.swift in Sources */ = {isa = PBXBuildFile; fileRef = 1980CD2D2B74C97800ACF7FD /* HelpInfoWriteView.swift */; };
		1980CD302B74C9B500ACF7FD /* DatePickerWithButton.swift in Sources */ = {isa = PBXBuildFile; fileRef = 1980CD2F2B74C9B500ACF7FD /* DatePickerWithButton.swift */; };
		19995B6B2B604F7B00A73023 /* UserHelpInfo.swift in Sources */ = {isa = PBXBuildFile; fileRef = 19995B6A2B604F7B00A73023 /* UserHelpInfo.swift */; };
		19995B6D2B604F9A00A73023 /* DensityInfo.swift in Sources */ = {isa = PBXBuildFile; fileRef = 19995B6C2B604F9A00A73023 /* DensityInfo.swift */; };
		19B3BF712B77BF810063EB35 /* UserStateViewModel.swift in Sources */ = {isa = PBXBuildFile; fileRef = 19B3BF702B77BF810063EB35 /* UserStateViewModel.swift */; };
		19B3BF762B77EF2B0063EB35 /* ShopDetail.swift in Sources */ = {isa = PBXBuildFile; fileRef = 19B3BF752B77EF2B0063EB35 /* ShopDetail.swift */; };
		19C48FF52B711221005FC902 /* MoreReviewView.swift in Sources */ = {isa = PBXBuildFile; fileRef = 19C48FF42B711221005FC902 /* MoreReviewView.swift */; };
		19C48FF92B7113C9005FC902 /* ImagePicker.swift in Sources */ = {isa = PBXBuildFile; fileRef = 19C48FF82B7113C9005FC902 /* ImagePicker.swift */; };
		19C48FFB2B7113CC005FC902 /* PHPicker.swift in Sources */ = {isa = PBXBuildFile; fileRef = 19C48FFA2B7113CC005FC902 /* PHPicker.swift */; };
		19C48FFD2B7113D3005FC902 /* ReviewTextFieldStyle.swift in Sources */ = {isa = PBXBuildFile; fileRef = 19C48FFC2B7113D3005FC902 /* ReviewTextFieldStyle.swift */; };
		19C48FFF2B7113D6005FC902 /* ReviewWriteView.swift in Sources */ = {isa = PBXBuildFile; fileRef = 19C48FFE2B7113D6005FC902 /* ReviewWriteView.swift */; };
		19F56C182B74F0C500BC5BB6 /* UserLogin.swift in Sources */ = {isa = PBXBuildFile; fileRef = 19F56C172B74F0C500BC5BB6 /* UserLogin.swift */; };
		BB1805362B71936000B27333 /* CafeTasteView.swift in Sources */ = {isa = PBXBuildFile; fileRef = BB1805352B71936000B27333 /* CafeTasteView.swift */; };
		BB1805412B719DE600B27333 /* ReviewImage.swift in Sources */ = {isa = PBXBuildFile; fileRef = BB1805402B719DE600B27333 /* ReviewImage.swift */; };
		BB1805442B73634300B27333 /* HomeViewModel.swift in Sources */ = {isa = PBXBuildFile; fileRef = BB1805432B73634300B27333 /* HomeViewModel.swift */; };
		BB1805462B7364B000B27333 /* HomeViewSuper.swift in Sources */ = {isa = PBXBuildFile; fileRef = BB1805452B7364B000B27333 /* HomeViewSuper.swift */; };
		BB1805492B7493A800B27333 /* CardView.swift in Sources */ = {isa = PBXBuildFile; fileRef = BB1805482B7493A800B27333 /* CardView.swift */; };
		BB18054B2B74945F00B27333 /* HomeBottomSheet.swift in Sources */ = {isa = PBXBuildFile; fileRef = BB18054A2B74945F00B27333 /* HomeBottomSheet.swift */; };
		BB1805512B77EB3900B27333 /* PostAndDeleteCafeSave.swift in Sources */ = {isa = PBXBuildFile; fileRef = BB1805502B77EB3900B27333 /* PostAndDeleteCafeSave.swift */; };
		BB1805532B78895700B27333 /* CurationView.swift in Sources */ = {isa = PBXBuildFile; fileRef = BB1805522B78895700B27333 /* CurationView.swift */; };
		BB1805572B788E6C00B27333 /* UserFeedbackView.swift in Sources */ = {isa = PBXBuildFile; fileRef = BB1805562B788E6C00B27333 /* UserFeedbackView.swift */; };
		BB18055A2B788F7B00B27333 /* UserFeedbackWriteAPI.swift in Sources */ = {isa = PBXBuildFile; fileRef = BB1805592B788F7B00B27333 /* UserFeedbackWriteAPI.swift */; };
		BB18055C2B788FDB00B27333 /* UserFeedbakDeleteAPI.swift in Sources */ = {isa = PBXBuildFile; fileRef = BB18055B2B788FDB00B27333 /* UserFeedbakDeleteAPI.swift */; };
		BB18055E2B788FF700B27333 /* UserFeedbackGetAPI.swift in Sources */ = {isa = PBXBuildFile; fileRef = BB18055D2B788FF700B27333 /* UserFeedbackGetAPI.swift */; };
		BB1805602B789EAF00B27333 /* UserFeedbackCellView.swift in Sources */ = {isa = PBXBuildFile; fileRef = BB18055F2B789EAE00B27333 /* UserFeedbackCellView.swift */; };
		BB1805622B78A7A900B27333 /* UserFeedbackLikeAPI.swift in Sources */ = {isa = PBXBuildFile; fileRef = BB1805612B78A7A900B27333 /* UserFeedbackLikeAPI.swift */; };
		BB1805642B78A7ED00B27333 /* UserFeedbackUnlikeAPI.swift in Sources */ = {isa = PBXBuildFile; fileRef = BB1805632B78A7ED00B27333 /* UserFeedbackUnlikeAPI.swift */; };
		BB1805662B7B819600B27333 /* GetSavedCafe.swift in Sources */ = {isa = PBXBuildFile; fileRef = BB1805652B7B819600B27333 /* GetSavedCafe.swift */; };
		BB1805682B7BD25100B27333 /* UserFeedBackModel.swift in Sources */ = {isa = PBXBuildFile; fileRef = BB1805672B7BD25100B27333 /* UserFeedBackModel.swift */; };
		BB1927D72B7183BF00A07824 /* CafeCardViewSetup.swift in Sources */ = {isa = PBXBuildFile; fileRef = BB1927D52B7183BF00A07824 /* CafeCardViewSetup.swift */; };
		BB1927D82B7183BF00A07824 /* KakaoHonzapInteCafeModel.swift in Sources */ = {isa = PBXBuildFile; fileRef = BB1927D62B7183BF00A07824 /* KakaoHonzapInteCafeModel.swift */; };
		BB1927DE2B7183D700A07824 /* GetCafeFromKakaoMap.swift in Sources */ = {isa = PBXBuildFile; fileRef = BB1927D92B7183D700A07824 /* GetCafeFromKakaoMap.swift */; };
		BB1927DF2B7183D700A07824 /* KMSetup.swift in Sources */ = {isa = PBXBuildFile; fileRef = BB1927DA2B7183D700A07824 /* KMSetup.swift */; };
		BB1927E02B7183D700A07824 /* GetCafeFromServer.swift in Sources */ = {isa = PBXBuildFile; fileRef = BB1927DB2B7183D700A07824 /* GetCafeFromServer.swift */; };
		BB1927E12B7183D700A07824 /* GetPosition.swift in Sources */ = {isa = PBXBuildFile; fileRef = BB1927DC2B7183D700A07824 /* GetPosition.swift */; };
		BB1927E22B7183D700A07824 /* POI.swift in Sources */ = {isa = PBXBuildFile; fileRef = BB1927DD2B7183D700A07824 /* POI.swift */; };
		BB9C77282B5BE3A100076880 /* OnboardingView.swift in Sources */ = {isa = PBXBuildFile; fileRef = BB9C77272B5BE3A100076880 /* OnboardingView.swift */; };
		BB9C772C2B5BE6AC00076880 /* OnboardingFont.swift in Sources */ = {isa = PBXBuildFile; fileRef = BB9C772B2B5BE6AC00076880 /* OnboardingFont.swift */; };
		BB9C772F2B5BE6E500076880 /* SplashView.swift in Sources */ = {isa = PBXBuildFile; fileRef = BB9C772E2B5BE6E500076880 /* SplashView.swift */; };
		BBFE0C2A2B6F697000E46931 /* PyeongChangPeace-Light.otf in Resources */ = {isa = PBXBuildFile; fileRef = BBD0B0DA2B5BFC0C00B0C3E0 /* PyeongChangPeace-Light.otf */; };
		BBFE0C2B2B6F697300E46931 /* PyeongChangPeace-Bold.otf in Resources */ = {isa = PBXBuildFile; fileRef = BBD0B0D92B5BFC0C00B0C3E0 /* PyeongChangPeace-Bold.otf */; };
		BBFE0C2E2B6F6D2800E46931 /* LoginView.swift in Sources */ = {isa = PBXBuildFile; fileRef = BBFE0C2D2B6F6D2800E46931 /* LoginView.swift */; };
		DD60012D2B46C0DD00DFEE98 /* HonzapdaApp.swift in Sources */ = {isa = PBXBuildFile; fileRef = DD60012C2B46C0DD00DFEE98 /* HonzapdaApp.swift */; };
		DD60012F2B46C0DD00DFEE98 /* ContentView.swift in Sources */ = {isa = PBXBuildFile; fileRef = DD60012E2B46C0DD00DFEE98 /* ContentView.swift */; };
		DD6001312B46C0DE00DFEE98 /* Assets.xcassets in Resources */ = {isa = PBXBuildFile; fileRef = DD6001302B46C0DE00DFEE98 /* Assets.xcassets */; };
		DD6001342B46C0DE00DFEE98 /* Preview Assets.xcassets in Resources */ = {isa = PBXBuildFile; fileRef = DD6001332B46C0DE00DFEE98 /* Preview Assets.xcassets */; };
		F906C9C1F012689838A02DE5 /* Pods_Honzapda.framework in Frameworks */ = {isa = PBXBuildFile; fileRef = F6FF6EAFD53DEDB254D1ABE3 /* Pods_Honzapda.framework */; };
/* End PBXBuildFile section */

/* Begin PBXFileReference section */
		0505FE4F2B7C888100114C7A /* SearchResultsView.swift */ = {isa = PBXFileReference; lastKnownFileType = sourcecode.swift; path = SearchResultsView.swift; sourceTree = "<group>"; };
		0505FE532B7C890600114C7A /* ShopSearch.swift */ = {isa = PBXFileReference; lastKnownFileType = sourcecode.swift; path = ShopSearch.swift; sourceTree = "<group>"; };
		0595C29D2B7CCBB300F5EFE6 /* SearchDetailView.swift */ = {isa = PBXFileReference; lastKnownFileType = sourcecode.swift; path = SearchDetailView.swift; sourceTree = "<group>"; };
		0595C29F2B7D305A00F5EFE6 /* SearchViewModel.swift */ = {isa = PBXFileReference; lastKnownFileType = sourcecode.swift; path = SearchViewModel.swift; sourceTree = "<group>"; };
		1397630C6448EE408F849471 /* Pods-Honzapda.release.xcconfig */ = {isa = PBXFileReference; includeInIndex = 1; lastKnownFileType = text.xcconfig; name = "Pods-Honzapda.release.xcconfig"; path = "Target Support Files/Pods-Honzapda/Pods-Honzapda.release.xcconfig"; sourceTree = "<group>"; };
		190625962B7D2F4800549D94 /* AverageCongestion.swift */ = {isa = PBXFileReference; lastKnownFileType = sourcecode.swift; path = AverageCongestion.swift; sourceTree = "<group>"; };
		190625982B7D2F5400549D94 /* DayCongestion.swift */ = {isa = PBXFileReference; lastKnownFileType = sourcecode.swift; path = DayCongestion.swift; sourceTree = "<group>"; };
		1906259A2B7D300600549D94 /* ShopDetailViewModel.swift */ = {isa = PBXFileReference; lastKnownFileType = sourcecode.swift; path = ShopDetailViewModel.swift; sourceTree = "<group>"; };
		190791C12B579CEC00F78D48 /* SearchView.swift */ = {isa = PBXFileReference; lastKnownFileType = sourcecode.swift; path = SearchView.swift; sourceTree = "<group>"; };
		190791C52B579D0300F78D48 /* MyPageView.swift */ = {isa = PBXFileReference; lastKnownFileType = sourcecode.swift; path = MyPageView.swift; sourceTree = "<group>"; };
		190791CA2B57AB3100F78D48 /* SCDream9.otf */ = {isa = PBXFileReference; lastKnownFileType = file; path = SCDream9.otf; sourceTree = "<group>"; };
		190791CB2B57AB3100F78D48 /* SCDream8.otf */ = {isa = PBXFileReference; lastKnownFileType = file; path = SCDream8.otf; sourceTree = "<group>"; };
		190791CC2B57AB3100F78D48 /* SCDream4.otf */ = {isa = PBXFileReference; lastKnownFileType = file; path = SCDream4.otf; sourceTree = "<group>"; };
		190791CD2B57AB3100F78D48 /* SCDream2.otf */ = {isa = PBXFileReference; lastKnownFileType = file; path = SCDream2.otf; sourceTree = "<group>"; };
		190791CE2B57AB3100F78D48 /* SCDream1.otf */ = {isa = PBXFileReference; lastKnownFileType = file; path = SCDream1.otf; sourceTree = "<group>"; };
		190791CF2B57AB3100F78D48 /* SCDream5.otf */ = {isa = PBXFileReference; lastKnownFileType = file; path = SCDream5.otf; sourceTree = "<group>"; };
		190791D02B57AB3100F78D48 /* SCDream6.otf */ = {isa = PBXFileReference; lastKnownFileType = file; path = SCDream6.otf; sourceTree = "<group>"; };
		190791D12B57AB3100F78D48 /* SCDream3.otf */ = {isa = PBXFileReference; lastKnownFileType = file; path = SCDream3.otf; sourceTree = "<group>"; };
		190791D22B57AB3100F78D48 /* SCDream7.otf */ = {isa = PBXFileReference; lastKnownFileType = file; path = SCDream7.otf; sourceTree = "<group>"; };
		190791DC2B57ABA900F78D48 /* Info.plist */ = {isa = PBXFileReference; lastKnownFileType = text.plist.xml; path = Info.plist; sourceTree = "<group>"; };
		190791DD2B57AC2300F78D48 /* CustomFonts.swift */ = {isa = PBXFileReference; lastKnownFileType = sourcecode.swift; path = CustomFonts.swift; sourceTree = "<group>"; };
		1919357C2B56F38600396056 /* ColorCollection.swift */ = {isa = PBXFileReference; lastKnownFileType = sourcecode.swift; path = ColorCollection.swift; sourceTree = "<group>"; };
		192005552B5C35D700CFB80D /* ShopDetailView.swift */ = {isa = PBXFileReference; lastKnownFileType = sourcecode.swift; path = ShopDetailView.swift; sourceTree = "<group>"; };
		192005572B5C377B00CFB80D /* ShopDetailMainView.swift */ = {isa = PBXFileReference; lastKnownFileType = sourcecode.swift; path = ShopDetailMainView.swift; sourceTree = "<group>"; };
		19249B6E2B5D9FA400CF7DAD /* ReviewView.swift */ = {isa = PBXFileReference; lastKnownFileType = sourcecode.swift; path = ReviewView.swift; sourceTree = "<group>"; };
		19249B702B5D9FB400CF7DAD /* DensityInfoView.swift */ = {isa = PBXFileReference; lastKnownFileType = sourcecode.swift; path = DensityInfoView.swift; sourceTree = "<group>"; };
		19249B722B5DA05000CF7DAD /* HelpInfoView.swift */ = {isa = PBXFileReference; lastKnownFileType = sourcecode.swift; path = HelpInfoView.swift; sourceTree = "<group>"; };
		194222852B5D3C8A006B3C30 /* Review.swift */ = {isa = PBXFileReference; lastKnownFileType = sourcecode.swift; path = Review.swift; sourceTree = "<group>"; };
		19517F3E2B57956600FDA71E /* MainTapView.swift */ = {isa = PBXFileReference; lastKnownFileType = sourcecode.swift; path = MainTapView.swift; sourceTree = "<group>"; };
		19517F402B57996E00FDA71E /* HomeView.swift */ = {isa = PBXFileReference; lastKnownFileType = sourcecode.swift; path = HomeView.swift; sourceTree = "<group>"; };
		1980CD252B74C0A400ACF7FD /* ReviewViewModel.swift */ = {isa = PBXFileReference; lastKnownFileType = sourcecode.swift; path = ReviewViewModel.swift; sourceTree = "<group>"; };
		1980CD282B74C43D00ACF7FD /* WebService.swift */ = {isa = PBXFileReference; lastKnownFileType = sourcecode.swift; path = WebService.swift; sourceTree = "<group>"; };
		1980CD2B2B74C8C200ACF7FD /* MoreHelpInfoView.swift */ = {isa = PBXFileReference; lastKnownFileType = sourcecode.swift; path = MoreHelpInfoView.swift; sourceTree = "<group>"; };
		1980CD2D2B74C97800ACF7FD /* HelpInfoWriteView.swift */ = {isa = PBXFileReference; lastKnownFileType = sourcecode.swift; path = HelpInfoWriteView.swift; sourceTree = "<group>"; };
		1980CD2F2B74C9B500ACF7FD /* DatePickerWithButton.swift */ = {isa = PBXFileReference; lastKnownFileType = sourcecode.swift; path = DatePickerWithButton.swift; sourceTree = "<group>"; };
		19995B6A2B604F7B00A73023 /* UserHelpInfo.swift */ = {isa = PBXFileReference; lastKnownFileType = sourcecode.swift; path = UserHelpInfo.swift; sourceTree = "<group>"; };
		19995B6C2B604F9A00A73023 /* DensityInfo.swift */ = {isa = PBXFileReference; lastKnownFileType = sourcecode.swift; path = DensityInfo.swift; sourceTree = "<group>"; };
		19B3BF702B77BF810063EB35 /* UserStateViewModel.swift */ = {isa = PBXFileReference; lastKnownFileType = sourcecode.swift; path = UserStateViewModel.swift; sourceTree = "<group>"; };
		19B3BF752B77EF2B0063EB35 /* ShopDetail.swift */ = {isa = PBXFileReference; lastKnownFileType = sourcecode.swift; path = ShopDetail.swift; sourceTree = "<group>"; };
		19C48FF42B711221005FC902 /* MoreReviewView.swift */ = {isa = PBXFileReference; fileEncoding = 4; lastKnownFileType = sourcecode.swift; path = MoreReviewView.swift; sourceTree = "<group>"; };
		19C48FF82B7113C9005FC902 /* ImagePicker.swift */ = {isa = PBXFileReference; fileEncoding = 4; lastKnownFileType = sourcecode.swift; path = ImagePicker.swift; sourceTree = "<group>"; };
		19C48FFA2B7113CC005FC902 /* PHPicker.swift */ = {isa = PBXFileReference; lastKnownFileType = sourcecode.swift; path = PHPicker.swift; sourceTree = "<group>"; };
		19C48FFC2B7113D3005FC902 /* ReviewTextFieldStyle.swift */ = {isa = PBXFileReference; lastKnownFileType = sourcecode.swift; path = ReviewTextFieldStyle.swift; sourceTree = "<group>"; };
		19C48FFE2B7113D6005FC902 /* ReviewWriteView.swift */ = {isa = PBXFileReference; lastKnownFileType = sourcecode.swift; path = ReviewWriteView.swift; sourceTree = "<group>"; };
		19F56C172B74F0C500BC5BB6 /* UserLogin.swift */ = {isa = PBXFileReference; lastKnownFileType = sourcecode.swift; path = UserLogin.swift; sourceTree = "<group>"; };
		BB1805352B71936000B27333 /* CafeTasteView.swift */ = {isa = PBXFileReference; lastKnownFileType = sourcecode.swift; path = CafeTasteView.swift; sourceTree = "<group>"; };
		BB1805402B719DE600B27333 /* ReviewImage.swift */ = {isa = PBXFileReference; lastKnownFileType = sourcecode.swift; path = ReviewImage.swift; sourceTree = "<group>"; };
		BB1805432B73634300B27333 /* HomeViewModel.swift */ = {isa = PBXFileReference; lastKnownFileType = sourcecode.swift; path = HomeViewModel.swift; sourceTree = "<group>"; };
		BB1805452B7364B000B27333 /* HomeViewSuper.swift */ = {isa = PBXFileReference; lastKnownFileType = sourcecode.swift; path = HomeViewSuper.swift; sourceTree = "<group>"; };
		BB1805482B7493A800B27333 /* CardView.swift */ = {isa = PBXFileReference; lastKnownFileType = sourcecode.swift; path = CardView.swift; sourceTree = "<group>"; };
		BB18054A2B74945F00B27333 /* HomeBottomSheet.swift */ = {isa = PBXFileReference; lastKnownFileType = sourcecode.swift; path = HomeBottomSheet.swift; sourceTree = "<group>"; };
		BB1805502B77EB3900B27333 /* PostAndDeleteCafeSave.swift */ = {isa = PBXFileReference; lastKnownFileType = sourcecode.swift; path = PostAndDeleteCafeSave.swift; sourceTree = "<group>"; };
		BB1805522B78895700B27333 /* CurationView.swift */ = {isa = PBXFileReference; lastKnownFileType = sourcecode.swift; path = CurationView.swift; sourceTree = "<group>"; };
		BB1805562B788E6C00B27333 /* UserFeedbackView.swift */ = {isa = PBXFileReference; lastKnownFileType = sourcecode.swift; path = UserFeedbackView.swift; sourceTree = "<group>"; };
		BB1805592B788F7B00B27333 /* UserFeedbackWriteAPI.swift */ = {isa = PBXFileReference; lastKnownFileType = sourcecode.swift; path = UserFeedbackWriteAPI.swift; sourceTree = "<group>"; };
		BB18055B2B788FDB00B27333 /* UserFeedbakDeleteAPI.swift */ = {isa = PBXFileReference; lastKnownFileType = sourcecode.swift; path = UserFeedbakDeleteAPI.swift; sourceTree = "<group>"; };
		BB18055D2B788FF700B27333 /* UserFeedbackGetAPI.swift */ = {isa = PBXFileReference; lastKnownFileType = sourcecode.swift; path = UserFeedbackGetAPI.swift; sourceTree = "<group>"; };
		BB18055F2B789EAE00B27333 /* UserFeedbackCellView.swift */ = {isa = PBXFileReference; lastKnownFileType = sourcecode.swift; path = UserFeedbackCellView.swift; sourceTree = "<group>"; };
		BB1805612B78A7A900B27333 /* UserFeedbackLikeAPI.swift */ = {isa = PBXFileReference; lastKnownFileType = sourcecode.swift; path = UserFeedbackLikeAPI.swift; sourceTree = "<group>"; };
		BB1805632B78A7ED00B27333 /* UserFeedbackUnlikeAPI.swift */ = {isa = PBXFileReference; lastKnownFileType = sourcecode.swift; path = UserFeedbackUnlikeAPI.swift; sourceTree = "<group>"; };
		BB1805652B7B819600B27333 /* GetSavedCafe.swift */ = {isa = PBXFileReference; lastKnownFileType = sourcecode.swift; path = GetSavedCafe.swift; sourceTree = "<group>"; };
		BB1805672B7BD25100B27333 /* UserFeedBackModel.swift */ = {isa = PBXFileReference; lastKnownFileType = sourcecode.swift; path = UserFeedBackModel.swift; sourceTree = "<group>"; };
		BB1927D52B7183BF00A07824 /* CafeCardViewSetup.swift */ = {isa = PBXFileReference; fileEncoding = 4; lastKnownFileType = sourcecode.swift; path = CafeCardViewSetup.swift; sourceTree = "<group>"; };
		BB1927D62B7183BF00A07824 /* KakaoHonzapInteCafeModel.swift */ = {isa = PBXFileReference; fileEncoding = 4; lastKnownFileType = sourcecode.swift; path = KakaoHonzapInteCafeModel.swift; sourceTree = "<group>"; };
		BB1927D92B7183D700A07824 /* GetCafeFromKakaoMap.swift */ = {isa = PBXFileReference; fileEncoding = 4; lastKnownFileType = sourcecode.swift; path = GetCafeFromKakaoMap.swift; sourceTree = "<group>"; };
		BB1927DA2B7183D700A07824 /* KMSetup.swift */ = {isa = PBXFileReference; fileEncoding = 4; lastKnownFileType = sourcecode.swift; path = KMSetup.swift; sourceTree = "<group>"; };
		BB1927DB2B7183D700A07824 /* GetCafeFromServer.swift */ = {isa = PBXFileReference; fileEncoding = 4; lastKnownFileType = sourcecode.swift; path = GetCafeFromServer.swift; sourceTree = "<group>"; };
		BB1927DC2B7183D700A07824 /* GetPosition.swift */ = {isa = PBXFileReference; fileEncoding = 4; lastKnownFileType = sourcecode.swift; path = GetPosition.swift; sourceTree = "<group>"; };
		BB1927DD2B7183D700A07824 /* POI.swift */ = {isa = PBXFileReference; fileEncoding = 4; lastKnownFileType = sourcecode.swift; path = POI.swift; sourceTree = "<group>"; };
		BB9C77272B5BE3A100076880 /* OnboardingView.swift */ = {isa = PBXFileReference; lastKnownFileType = sourcecode.swift; path = OnboardingView.swift; sourceTree = "<group>"; };
		BB9C772B2B5BE6AC00076880 /* OnboardingFont.swift */ = {isa = PBXFileReference; lastKnownFileType = sourcecode.swift; path = OnboardingFont.swift; sourceTree = "<group>"; };
		BB9C772E2B5BE6E500076880 /* SplashView.swift */ = {isa = PBXFileReference; lastKnownFileType = sourcecode.swift; path = SplashView.swift; sourceTree = "<group>"; };
		BBD0B0D92B5BFC0C00B0C3E0 /* PyeongChangPeace-Bold.otf */ = {isa = PBXFileReference; lastKnownFileType = file; path = "PyeongChangPeace-Bold.otf"; sourceTree = "<group>"; };
		BBD0B0DA2B5BFC0C00B0C3E0 /* PyeongChangPeace-Light.otf */ = {isa = PBXFileReference; lastKnownFileType = file; path = "PyeongChangPeace-Light.otf"; sourceTree = "<group>"; };
		BBFE0C2D2B6F6D2800E46931 /* LoginView.swift */ = {isa = PBXFileReference; lastKnownFileType = sourcecode.swift; path = LoginView.swift; sourceTree = "<group>"; };
		DD6001292B46C0DD00DFEE98 /* Honzapda.app */ = {isa = PBXFileReference; explicitFileType = wrapper.application; includeInIndex = 0; path = Honzapda.app; sourceTree = BUILT_PRODUCTS_DIR; };
		DD60012C2B46C0DD00DFEE98 /* HonzapdaApp.swift */ = {isa = PBXFileReference; lastKnownFileType = sourcecode.swift; path = HonzapdaApp.swift; sourceTree = "<group>"; };
		DD60012E2B46C0DD00DFEE98 /* ContentView.swift */ = {isa = PBXFileReference; lastKnownFileType = sourcecode.swift; path = ContentView.swift; sourceTree = "<group>"; };
		DD6001302B46C0DE00DFEE98 /* Assets.xcassets */ = {isa = PBXFileReference; lastKnownFileType = folder.assetcatalog; path = Assets.xcassets; sourceTree = "<group>"; };
		DD6001332B46C0DE00DFEE98 /* Preview Assets.xcassets */ = {isa = PBXFileReference; lastKnownFileType = folder.assetcatalog; path = "Preview Assets.xcassets"; sourceTree = "<group>"; };
		DFAF9A14D53FA5A91C92F5F3 /* Pods-Honzapda.debug.xcconfig */ = {isa = PBXFileReference; includeInIndex = 1; lastKnownFileType = text.xcconfig; name = "Pods-Honzapda.debug.xcconfig"; path = "Target Support Files/Pods-Honzapda/Pods-Honzapda.debug.xcconfig"; sourceTree = "<group>"; };
		F6FF6EAFD53DEDB254D1ABE3 /* Pods_Honzapda.framework */ = {isa = PBXFileReference; explicitFileType = wrapper.framework; includeInIndex = 0; path = Pods_Honzapda.framework; sourceTree = BUILT_PRODUCTS_DIR; };
/* End PBXFileReference section */

/* Begin PBXFrameworksBuildPhase section */
		DD6001262B46C0DD00DFEE98 /* Frameworks */ = {
			isa = PBXFrameworksBuildPhase;
			buildActionMask = 2147483647;
			files = (
				0595C2A52B7D51FA00F5EFE6 /* URLImageStore in Frameworks */,
				16472AA8DED336080741E7DA /* (null) in Frameworks */,
				0595C2A32B7D51FA00F5EFE6 /* URLImage in Frameworks */,
				F906C9C1F012689838A02DE5 /* Pods_Honzapda.framework in Frameworks */,
			);
			runOnlyForDeploymentPostprocessing = 0;
		};
/* End PBXFrameworksBuildPhase section */

/* Begin PBXGroup section */
		0505FE4E2B7C886400114C7A /* Search */ = {
			isa = PBXGroup;
			children = (
				0505FE4F2B7C888100114C7A /* SearchResultsView.swift */,
				0595C29D2B7CCBB300F5EFE6 /* SearchDetailView.swift */,
			);
			path = Search;
			sourceTree = "<group>";
		};
		190791C82B57AAC500F78D48 /* Resource */ = {
			isa = PBXGroup;
			children = (
				190791C92B57AACF00F78D48 /* Fonts */,
				1919357C2B56F38600396056 /* ColorCollection.swift */,
				190791DD2B57AC2300F78D48 /* CustomFonts.swift */,
			);
			path = Resource;
			sourceTree = "<group>";
		};
		190791C92B57AACF00F78D48 /* Fonts */ = {
			isa = PBXGroup;
			children = (
				190791CE2B57AB3100F78D48 /* SCDream1.otf */,
				190791CD2B57AB3100F78D48 /* SCDream2.otf */,
				190791D12B57AB3100F78D48 /* SCDream3.otf */,
				190791CC2B57AB3100F78D48 /* SCDream4.otf */,
				190791CF2B57AB3100F78D48 /* SCDream5.otf */,
				190791D02B57AB3100F78D48 /* SCDream6.otf */,
				190791D22B57AB3100F78D48 /* SCDream7.otf */,
				190791CB2B57AB3100F78D48 /* SCDream8.otf */,
				190791CA2B57AB3100F78D48 /* SCDream9.otf */,
				BBD0B0D92B5BFC0C00B0C3E0 /* PyeongChangPeace-Bold.otf */,
				BBD0B0DA2B5BFC0C00B0C3E0 /* PyeongChangPeace-Light.otf */,
			);
			path = Fonts;
			sourceTree = "<group>";
		};
		192005512B5C353600CFB80D /* Model */ = {
			isa = PBXGroup;
			children = (
				194222852B5D3C8A006B3C30 /* Review.swift */,
				BB1927D62B7183BF00A07824 /* KakaoHonzapInteCafeModel.swift */,
				19995B6A2B604F7B00A73023 /* UserHelpInfo.swift */,
				19995B6C2B604F9A00A73023 /* DensityInfo.swift */,
				BB1805402B719DE600B27333 /* ReviewImage.swift */,
				19F56C172B74F0C500BC5BB6 /* UserLogin.swift */,
				19B3BF752B77EF2B0063EB35 /* ShopDetail.swift */,
				0505FE532B7C890600114C7A /* ShopSearch.swift */,
				190625962B7D2F4800549D94 /* AverageCongestion.swift */,
				190625982B7D2F5400549D94 /* DayCongestion.swift */,
			);
			path = Model;
			sourceTree = "<group>";
		};
		192005542B5C35B800CFB80D /* ShopDetail */ = {
			isa = PBXGroup;
			children = (
				192005552B5C35D700CFB80D /* ShopDetailView.swift */,
				192005572B5C377B00CFB80D /* ShopDetailMainView.swift */,
				19249B6E2B5D9FA400CF7DAD /* ReviewView.swift */,
				19249B702B5D9FB400CF7DAD /* DensityInfoView.swift */,
				19C48FF42B711221005FC902 /* MoreReviewView.swift */,
				19249B722B5DA05000CF7DAD /* HelpInfoView.swift */,
				1980CD2B2B74C8C200ACF7FD /* MoreHelpInfoView.swift */,
			);
			path = ShopDetail;
			sourceTree = "<group>";
		};
		1971AD552B51C2FF000053F1 /* View */ = {
			isa = PBXGroup;
			children = (
				0505FE4E2B7C886400114C7A /* Search */,
				BB1805552B788DEF00B27333 /* UserFeedback */,
				1980CD2A2B74C89200ACF7FD /* HelpInfoWrite */,
				19C48FF72B7113B7005FC902 /* ReviewWrite */,
				192005542B5C35B800CFB80D /* ShopDetail */,
				BB9C772D2B5BE6D600076880 /* Splash */,
				BB9C77262B5BE38200076880 /* Onboarding */,
				BB9C77252B5A9A1200076880 /* Home */,
				19517F3E2B57956600FDA71E /* MainTapView.swift */,
				190791C12B579CEC00F78D48 /* SearchView.swift */,
				190791C52B579D0300F78D48 /* MyPageView.swift */,
				BB1805522B78895700B27333 /* CurationView.swift */,
			);
			path = View;
			sourceTree = "<group>";
		};
		1980CD242B74B98200ACF7FD /* ViewModel */ = {
			isa = PBXGroup;
			children = (
				1980CD252B74C0A400ACF7FD /* ReviewViewModel.swift */,
				19B3BF702B77BF810063EB35 /* UserStateViewModel.swift */,
				0595C29F2B7D305A00F5EFE6 /* SearchViewModel.swift */,
				1906259A2B7D300600549D94 /* ShopDetailViewModel.swift */,
			);
			path = ViewModel;
			sourceTree = "<group>";
		};
		1980CD272B74C42F00ACF7FD /* Service */ = {
			isa = PBXGroup;
			children = (
				1980CD282B74C43D00ACF7FD /* WebService.swift */,
			);
			path = Service;
			sourceTree = "<group>";
		};
		1980CD2A2B74C89200ACF7FD /* HelpInfoWrite */ = {
			isa = PBXGroup;
			children = (
				1980CD2D2B74C97800ACF7FD /* HelpInfoWriteView.swift */,
			);
			path = HelpInfoWrite;
			sourceTree = "<group>";
		};
		19C48FF72B7113B7005FC902 /* ReviewWrite */ = {
			isa = PBXGroup;
			children = (
				19C48FFE2B7113D6005FC902 /* ReviewWriteView.swift */,
				19C48FFC2B7113D3005FC902 /* ReviewTextFieldStyle.swift */,
				19C48FFA2B7113CC005FC902 /* PHPicker.swift */,
				19C48FF82B7113C9005FC902 /* ImagePicker.swift */,
				1980CD2F2B74C9B500ACF7FD /* DatePickerWithButton.swift */,
			);
			path = ReviewWrite;
			sourceTree = "<group>";
		};
		641CAA2B823F8FC72BAB4C09 /* Pods */ = {
			isa = PBXGroup;
			children = (
				DFAF9A14D53FA5A91C92F5F3 /* Pods-Honzapda.debug.xcconfig */,
				1397630C6448EE408F849471 /* Pods-Honzapda.release.xcconfig */,
			);
			path = Pods;
			sourceTree = "<group>";
		};
		BB1805422B73632200B27333 /* HomeView */ = {
			isa = PBXGroup;
			children = (
				BB1927DD2B7183D700A07824 /* POI.swift */,
				19517F402B57996E00FDA71E /* HomeView.swift */,
				BB1927D52B7183BF00A07824 /* CafeCardViewSetup.swift */,
				BB1805482B7493A800B27333 /* CardView.swift */,
				BB18054A2B74945F00B27333 /* HomeBottomSheet.swift */,
			);
			path = HomeView;
			sourceTree = "<group>";
		};
		BB1805542B788CFE00B27333 /* API */ = {
			isa = PBXGroup;
			children = (
				BB1927DB2B7183D700A07824 /* GetCafeFromServer.swift */,
				BB1805652B7B819600B27333 /* GetSavedCafe.swift */,
				BB1805502B77EB3900B27333 /* PostAndDeleteCafeSave.swift */,
				BB1927D92B7183D700A07824 /* GetCafeFromKakaoMap.swift */,
				BB1927DA2B7183D700A07824 /* KMSetup.swift */,
				BB1927DC2B7183D700A07824 /* GetPosition.swift */,
			);
			path = API;
			sourceTree = "<group>";
		};
		BB1805552B788DEF00B27333 /* UserFeedback */ = {
			isa = PBXGroup;
			children = (
				BB1805692B7BD25B00B27333 /* UFAPI */,
				BB1805582B788E9100B27333 /* UFViewModel */,
				BB1805562B788E6C00B27333 /* UserFeedbackView.swift */,
				BB18055F2B789EAE00B27333 /* UserFeedbackCellView.swift */,
			);
			path = UserFeedback;
			sourceTree = "<group>";
		};
		BB1805582B788E9100B27333 /* UFViewModel */ = {
			isa = PBXGroup;
			children = (
				BB1805672B7BD25100B27333 /* UserFeedBackModel.swift */,
			);
			path = UFViewModel;
			sourceTree = "<group>";
		};
		BB1805692B7BD25B00B27333 /* UFAPI */ = {
			isa = PBXGroup;
			children = (
				BB1805592B788F7B00B27333 /* UserFeedbackWriteAPI.swift */,
				BB18055B2B788FDB00B27333 /* UserFeedbakDeleteAPI.swift */,
				BB18055D2B788FF700B27333 /* UserFeedbackGetAPI.swift */,
				BB1805612B78A7A900B27333 /* UserFeedbackLikeAPI.swift */,
				BB1805632B78A7ED00B27333 /* UserFeedbackUnlikeAPI.swift */,
			);
			path = UFAPI;
			sourceTree = "<group>";
		};
		BB1927D22B717E9700A07824 /* Recovered References */ = {
			isa = PBXGroup;
			children = (
			);
			name = "Recovered References";
			sourceTree = "<group>";
		};
		BB9C77252B5A9A1200076880 /* Home */ = {
			isa = PBXGroup;
			children = (
				BB1805432B73634300B27333 /* HomeViewModel.swift */,
				BB1805452B7364B000B27333 /* HomeViewSuper.swift */,
				BB1805542B788CFE00B27333 /* API */,
				BB1805422B73632200B27333 /* HomeView */,
			);
			path = Home;
			sourceTree = "<group>";
		};
		BB9C77262B5BE38200076880 /* Onboarding */ = {
			isa = PBXGroup;
			children = (
				BBFE0C2D2B6F6D2800E46931 /* LoginView.swift */,
				BB9C77272B5BE3A100076880 /* OnboardingView.swift */,
				BB1805352B71936000B27333 /* CafeTasteView.swift */,
				BB9C772B2B5BE6AC00076880 /* OnboardingFont.swift */,
			);
			path = Onboarding;
			sourceTree = "<group>";
		};
		BB9C772D2B5BE6D600076880 /* Splash */ = {
			isa = PBXGroup;
			children = (
				BB9C772E2B5BE6E500076880 /* SplashView.swift */,
			);
			path = Splash;
			sourceTree = "<group>";
		};
		DB92B6EF802775DC196EFD0C /* Frameworks */ = {
			isa = PBXGroup;
			children = (
				F6FF6EAFD53DEDB254D1ABE3 /* Pods_Honzapda.framework */,
			);
			name = Frameworks;
			sourceTree = "<group>";
		};
		DD6001202B46C0DD00DFEE98 = {
			isa = PBXGroup;
			children = (
				DD60012B2B46C0DD00DFEE98 /* Honzapda */,
				DD60012A2B46C0DD00DFEE98 /* Products */,
				BB1927D22B717E9700A07824 /* Recovered References */,
				641CAA2B823F8FC72BAB4C09 /* Pods */,
				DB92B6EF802775DC196EFD0C /* Frameworks */,
			);
			sourceTree = "<group>";
		};
		DD60012A2B46C0DD00DFEE98 /* Products */ = {
			isa = PBXGroup;
			children = (
				DD6001292B46C0DD00DFEE98 /* Honzapda.app */,
			);
			name = Products;
			sourceTree = "<group>";
		};
		DD60012B2B46C0DD00DFEE98 /* Honzapda */ = {
			isa = PBXGroup;
			children = (
				190791DC2B57ABA900F78D48 /* Info.plist */,
				1980CD272B74C42F00ACF7FD /* Service */,
				1980CD242B74B98200ACF7FD /* ViewModel */,
				192005512B5C353600CFB80D /* Model */,
				190791C82B57AAC500F78D48 /* Resource */,
				1971AD552B51C2FF000053F1 /* View */,
				DD60012C2B46C0DD00DFEE98 /* HonzapdaApp.swift */,
				DD60012E2B46C0DD00DFEE98 /* ContentView.swift */,
				DD6001302B46C0DE00DFEE98 /* Assets.xcassets */,
				DD6001322B46C0DE00DFEE98 /* Preview Content */,
			);
			path = Honzapda;
			sourceTree = "<group>";
		};
		DD6001322B46C0DE00DFEE98 /* Preview Content */ = {
			isa = PBXGroup;
			children = (
				DD6001332B46C0DE00DFEE98 /* Preview Assets.xcassets */,
			);
			path = "Preview Content";
			sourceTree = "<group>";
		};
/* End PBXGroup section */

/* Begin PBXNativeTarget section */
		DD6001282B46C0DD00DFEE98 /* Honzapda */ = {
			isa = PBXNativeTarget;
			buildConfigurationList = DD6001372B46C0DE00DFEE98 /* Build configuration list for PBXNativeTarget "Honzapda" */;
			buildPhases = (
				C68951FF24679D95DEFC00EB /* [CP] Check Pods Manifest.lock */,
				DD6001252B46C0DD00DFEE98 /* Sources */,
				DD6001262B46C0DD00DFEE98 /* Frameworks */,
				DD6001272B46C0DD00DFEE98 /* Resources */,
				FC34C397D2ED52A2F4277A0E /* [CP] Embed Pods Frameworks */,
				7DEB5DB297EB90ED8ED50584 /* [CP] Copy Pods Resources */,
			);
			buildRules = (
			);
			dependencies = (
			);
			name = Honzapda;
			packageProductDependencies = (
				0595C2A22B7D51FA00F5EFE6 /* URLImage */,
				0595C2A42B7D51FA00F5EFE6 /* URLImageStore */,
			);
			productName = Honzapda;
			productReference = DD6001292B46C0DD00DFEE98 /* Honzapda.app */;
			productType = "com.apple.product-type.application";
		};
/* End PBXNativeTarget section */

/* Begin PBXProject section */
		DD6001212B46C0DD00DFEE98 /* Project object */ = {
			isa = PBXProject;
			attributes = {
				BuildIndependentTargetsInParallel = 1;
				LastSwiftUpdateCheck = 1500;
				LastUpgradeCheck = 1500;
				TargetAttributes = {
					DD6001282B46C0DD00DFEE98 = {
						CreatedOnToolsVersion = 15.0;
					};
				};
			};
			buildConfigurationList = DD6001242B46C0DD00DFEE98 /* Build configuration list for PBXProject "Honzapda" */;
			compatibilityVersion = "Xcode 14.0";
			developmentRegion = en;
			hasScannedForEncodings = 0;
			knownRegions = (
				en,
				Base,
			);
			mainGroup = DD6001202B46C0DD00DFEE98;
			packageReferences = (
				0595C2A12B7D51FA00F5EFE6 /* XCRemoteSwiftPackageReference "url-image" */,
			);
			productRefGroup = DD60012A2B46C0DD00DFEE98 /* Products */;
			projectDirPath = "";
			projectRoot = "";
			targets = (
				DD6001282B46C0DD00DFEE98 /* Honzapda */,
			);
		};
/* End PBXProject section */

/* Begin PBXResourcesBuildPhase section */
		DD6001272B46C0DD00DFEE98 /* Resources */ = {
			isa = PBXResourcesBuildPhase;
			buildActionMask = 2147483647;
			files = (
				190791D62B57AB3100F78D48 /* SCDream2.otf in Resources */,
				190791D72B57AB3100F78D48 /* SCDream1.otf in Resources */,
				BBFE0C2B2B6F697300E46931 /* PyeongChangPeace-Bold.otf in Resources */,
				190791D52B57AB3100F78D48 /* SCDream4.otf in Resources */,
				BBFE0C2A2B6F697000E46931 /* PyeongChangPeace-Light.otf in Resources */,
				190791D92B57AB3100F78D48 /* SCDream6.otf in Resources */,
				190791D32B57AB3100F78D48 /* SCDream9.otf in Resources */,
				190791DB2B57AB3100F78D48 /* SCDream7.otf in Resources */,
				190791DA2B57AB3100F78D48 /* SCDream3.otf in Resources */,
				DD6001342B46C0DE00DFEE98 /* Preview Assets.xcassets in Resources */,
				190791D42B57AB3100F78D48 /* SCDream8.otf in Resources */,
				DD6001312B46C0DE00DFEE98 /* Assets.xcassets in Resources */,
				190791D82B57AB3100F78D48 /* SCDream5.otf in Resources */,
			);
			runOnlyForDeploymentPostprocessing = 0;
		};
/* End PBXResourcesBuildPhase section */

/* Begin PBXShellScriptBuildPhase section */
		7DEB5DB297EB90ED8ED50584 /* [CP] Copy Pods Resources */ = {
			isa = PBXShellScriptBuildPhase;
			buildActionMask = 2147483647;
			files = (
			);
			inputFileListPaths = (
				"${PODS_ROOT}/Target Support Files/Pods-Honzapda/Pods-Honzapda-resources-${CONFIGURATION}-input-files.xcfilelist",
			);
			name = "[CP] Copy Pods Resources";
			outputFileListPaths = (
				"${PODS_ROOT}/Target Support Files/Pods-Honzapda/Pods-Honzapda-resources-${CONFIGURATION}-output-files.xcfilelist",
			);
			runOnlyForDeploymentPostprocessing = 0;
			shellPath = /bin/sh;
			shellScript = "\"${PODS_ROOT}/Target Support Files/Pods-Honzapda/Pods-Honzapda-resources.sh\"\n";
			showEnvVarsInLog = 0;
		};
		C68951FF24679D95DEFC00EB /* [CP] Check Pods Manifest.lock */ = {
			isa = PBXShellScriptBuildPhase;
			buildActionMask = 2147483647;
			files = (
			);
			inputFileListPaths = (
			);
			inputPaths = (
				"${PODS_PODFILE_DIR_PATH}/Podfile.lock",
				"${PODS_ROOT}/Manifest.lock",
			);
			name = "[CP] Check Pods Manifest.lock";
			outputFileListPaths = (
			);
			outputPaths = (
				"$(DERIVED_FILE_DIR)/Pods-Honzapda-checkManifestLockResult.txt",
			);
			runOnlyForDeploymentPostprocessing = 0;
			shellPath = /bin/sh;
			shellScript = "diff \"${PODS_PODFILE_DIR_PATH}/Podfile.lock\" \"${PODS_ROOT}/Manifest.lock\" > /dev/null\nif [ $? != 0 ] ; then\n    # print error to STDERR\n    echo \"error: The sandbox is not in sync with the Podfile.lock. Run 'pod install' or update your CocoaPods installation.\" >&2\n    exit 1\nfi\n# This output is used by Xcode 'outputs' to avoid re-running this script phase.\necho \"SUCCESS\" > \"${SCRIPT_OUTPUT_FILE_0}\"\n";
			showEnvVarsInLog = 0;
		};
		FC34C397D2ED52A2F4277A0E /* [CP] Embed Pods Frameworks */ = {
			isa = PBXShellScriptBuildPhase;
			buildActionMask = 2147483647;
			files = (
			);
			inputFileListPaths = (
				"${PODS_ROOT}/Target Support Files/Pods-Honzapda/Pods-Honzapda-frameworks-${CONFIGURATION}-input-files.xcfilelist",
			);
			name = "[CP] Embed Pods Frameworks";
			outputFileListPaths = (
				"${PODS_ROOT}/Target Support Files/Pods-Honzapda/Pods-Honzapda-frameworks-${CONFIGURATION}-output-files.xcfilelist",
			);
			runOnlyForDeploymentPostprocessing = 0;
			shellPath = /bin/sh;
			shellScript = "\"${PODS_ROOT}/Target Support Files/Pods-Honzapda/Pods-Honzapda-frameworks.sh\"\n";
			showEnvVarsInLog = 0;
		};
/* End PBXShellScriptBuildPhase section */

/* Begin PBXSourcesBuildPhase section */
		DD6001252B46C0DD00DFEE98 /* Sources */ = {
			isa = PBXSourcesBuildPhase;
			buildActionMask = 2147483647;
			files = (
				BB18055A2B788F7B00B27333 /* UserFeedbackWriteAPI.swift in Sources */,
				192005582B5C377B00CFB80D /* ShopDetailMainView.swift in Sources */,
				190625972B7D2F4800549D94 /* AverageCongestion.swift in Sources */,
				19249B712B5D9FB400CF7DAD /* DensityInfoView.swift in Sources */,
				BB1805642B78A7ED00B27333 /* UserFeedbackUnlikeAPI.swift in Sources */,
				BB1927D72B7183BF00A07824 /* CafeCardViewSetup.swift in Sources */,
				19C48FF92B7113C9005FC902 /* ImagePicker.swift in Sources */,
				0595C2A02B7D305A00F5EFE6 /* SearchViewModel.swift in Sources */,
				BB9C772C2B5BE6AC00076880 /* OnboardingFont.swift in Sources */,
				BB1927DE2B7183D700A07824 /* GetCafeFromKakaoMap.swift in Sources */,
				190791C22B579CEC00F78D48 /* SearchView.swift in Sources */,
				BB1805492B7493A800B27333 /* CardView.swift in Sources */,
				DD60012F2B46C0DD00DFEE98 /* ContentView.swift in Sources */,
				BB1805622B78A7A900B27333 /* UserFeedbackLikeAPI.swift in Sources */,
				DD60012D2B46C0DD00DFEE98 /* HonzapdaApp.swift in Sources */,
				1980CD302B74C9B500ACF7FD /* DatePickerWithButton.swift in Sources */,
				BB9C77282B5BE3A100076880 /* OnboardingView.swift in Sources */,
				BBFE0C2E2B6F6D2800E46931 /* LoginView.swift in Sources */,
				19B3BF712B77BF810063EB35 /* UserStateViewModel.swift in Sources */,
				BB18055E2B788FF700B27333 /* UserFeedbackGetAPI.swift in Sources */,
				1980CD262B74C0A400ACF7FD /* ReviewViewModel.swift in Sources */,
				0505FE542B7C890600114C7A /* ShopSearch.swift in Sources */,
				192005562B5C35D700CFB80D /* ShopDetailView.swift in Sources */,
				BB1805682B7BD25100B27333 /* UserFeedBackModel.swift in Sources */,
				BB9C772F2B5BE6E500076880 /* SplashView.swift in Sources */,
				BB18054B2B74945F00B27333 /* HomeBottomSheet.swift in Sources */,
				194222862B5D3C8A006B3C30 /* Review.swift in Sources */,
				BB1927E12B7183D700A07824 /* GetPosition.swift in Sources */,
				190625992B7D2F5400549D94 /* DayCongestion.swift in Sources */,
				19995B6D2B604F9A00A73023 /* DensityInfo.swift in Sources */,
				0595C29E2B7CCBB300F5EFE6 /* SearchDetailView.swift in Sources */,
				BB1927E02B7183D700A07824 /* GetCafeFromServer.swift in Sources */,
				1919357D2B56F38600396056 /* ColorCollection.swift in Sources */,
				BB1927DF2B7183D700A07824 /* KMSetup.swift in Sources */,
				BB1805412B719DE600B27333 /* ReviewImage.swift in Sources */,
				19C48FFD2B7113D3005FC902 /* ReviewTextFieldStyle.swift in Sources */,
				1906259B2B7D300600549D94 /* ShopDetailViewModel.swift in Sources */,
				1980CD2E2B74C97800ACF7FD /* HelpInfoWriteView.swift in Sources */,
				BB1805662B7B819600B27333 /* GetSavedCafe.swift in Sources */,
				BB1927E22B7183D700A07824 /* POI.swift in Sources */,
				BB1805532B78895700B27333 /* CurationView.swift in Sources */,
				1980CD2C2B74C8C200ACF7FD /* MoreHelpInfoView.swift in Sources */,
				BB18055C2B788FDB00B27333 /* UserFeedbakDeleteAPI.swift in Sources */,
				190791C62B579D0300F78D48 /* MyPageView.swift in Sources */,
				BB1927D82B7183BF00A07824 /* KakaoHonzapInteCafeModel.swift in Sources */,
				BB1805512B77EB3900B27333 /* PostAndDeleteCafeSave.swift in Sources */,
				19995B6B2B604F7B00A73023 /* UserHelpInfo.swift in Sources */,
				0505FE502B7C888100114C7A /* SearchResultsView.swift in Sources */,
				BB1805602B789EAF00B27333 /* UserFeedbackCellView.swift in Sources */,
				BB1805362B71936000B27333 /* CafeTasteView.swift in Sources */,
				1980CD292B74C43D00ACF7FD /* WebService.swift in Sources */,
				BB1805442B73634300B27333 /* HomeViewModel.swift in Sources */,
				BB1805572B788E6C00B27333 /* UserFeedbackView.swift in Sources */,
				19517F412B57996E00FDA71E /* HomeView.swift in Sources */,
				19517F3F2B57956600FDA71E /* MainTapView.swift in Sources */,
				19C48FFF2B7113D6005FC902 /* ReviewWriteView.swift in Sources */,
				19249B6F2B5D9FA400CF7DAD /* ReviewView.swift in Sources */,
				19249B732B5DA05000CF7DAD /* HelpInfoView.swift in Sources */,
				19C48FFB2B7113CC005FC902 /* PHPicker.swift in Sources */,
				190791DE2B57AC2300F78D48 /* CustomFonts.swift in Sources */,
				BB1805462B7364B000B27333 /* HomeViewSuper.swift in Sources */,
				19C48FF52B711221005FC902 /* MoreReviewView.swift in Sources */,
				19F56C182B74F0C500BC5BB6 /* UserLogin.swift in Sources */,
				19B3BF762B77EF2B0063EB35 /* ShopDetail.swift in Sources */,
			);
			runOnlyForDeploymentPostprocessing = 0;
		};
/* End PBXSourcesBuildPhase section */

/* Begin XCBuildConfiguration section */
		DD6001352B46C0DE00DFEE98 /* Debug */ = {
			isa = XCBuildConfiguration;
			buildSettings = {
				ALWAYS_SEARCH_USER_PATHS = NO;
				ASSETCATALOG_COMPILER_GENERATE_SWIFT_ASSET_SYMBOL_EXTENSIONS = YES;
				CLANG_ANALYZER_NONNULL = YES;
				CLANG_ANALYZER_NUMBER_OBJECT_CONVERSION = YES_AGGRESSIVE;
				CLANG_CXX_LANGUAGE_STANDARD = "gnu++20";
				CLANG_ENABLE_MODULES = YES;
				CLANG_ENABLE_OBJC_ARC = YES;
				CLANG_ENABLE_OBJC_WEAK = YES;
				CLANG_WARN_BLOCK_CAPTURE_AUTORELEASING = YES;
				CLANG_WARN_BOOL_CONVERSION = YES;
				CLANG_WARN_COMMA = YES;
				CLANG_WARN_CONSTANT_CONVERSION = YES;
				CLANG_WARN_DEPRECATED_OBJC_IMPLEMENTATIONS = YES;
				CLANG_WARN_DIRECT_OBJC_ISA_USAGE = YES_ERROR;
				CLANG_WARN_DOCUMENTATION_COMMENTS = YES;
				CLANG_WARN_EMPTY_BODY = YES;
				CLANG_WARN_ENUM_CONVERSION = YES;
				CLANG_WARN_INFINITE_RECURSION = YES;
				CLANG_WARN_INT_CONVERSION = YES;
				CLANG_WARN_NON_LITERAL_NULL_CONVERSION = YES;
				CLANG_WARN_OBJC_IMPLICIT_RETAIN_SELF = YES;
				CLANG_WARN_OBJC_LITERAL_CONVERSION = YES;
				CLANG_WARN_OBJC_ROOT_CLASS = YES_ERROR;
				CLANG_WARN_QUOTED_INCLUDE_IN_FRAMEWORK_HEADER = YES;
				CLANG_WARN_RANGE_LOOP_ANALYSIS = YES;
				CLANG_WARN_STRICT_PROTOTYPES = YES;
				CLANG_WARN_SUSPICIOUS_MOVE = YES;
				CLANG_WARN_UNGUARDED_AVAILABILITY = YES_AGGRESSIVE;
				CLANG_WARN_UNREACHABLE_CODE = YES;
				CLANG_WARN__DUPLICATE_METHOD_MATCH = YES;
				COPY_PHASE_STRIP = NO;
				DEBUG_INFORMATION_FORMAT = dwarf;
				ENABLE_STRICT_OBJC_MSGSEND = YES;
				ENABLE_TESTABILITY = YES;
				ENABLE_USER_SCRIPT_SANDBOXING = NO;
				GCC_C_LANGUAGE_STANDARD = gnu17;
				GCC_DYNAMIC_NO_PIC = NO;
				GCC_NO_COMMON_BLOCKS = YES;
				GCC_OPTIMIZATION_LEVEL = 0;
				GCC_PREPROCESSOR_DEFINITIONS = (
					"DEBUG=1",
					"$(inherited)",
				);
				GCC_WARN_64_TO_32_BIT_CONVERSION = YES;
				GCC_WARN_ABOUT_RETURN_TYPE = YES_ERROR;
				GCC_WARN_UNDECLARED_SELECTOR = YES;
				GCC_WARN_UNINITIALIZED_AUTOS = YES_AGGRESSIVE;
				GCC_WARN_UNUSED_FUNCTION = YES;
				GCC_WARN_UNUSED_VARIABLE = YES;
				IPHONEOS_DEPLOYMENT_TARGET = 15.0;
				LOCALIZATION_PREFERS_STRING_CATALOGS = YES;
				MTL_ENABLE_DEBUG_INFO = INCLUDE_SOURCE;
				MTL_FAST_MATH = YES;
				ONLY_ACTIVE_ARCH = YES;
				SDKROOT = iphoneos;
				SWIFT_ACTIVE_COMPILATION_CONDITIONS = "DEBUG $(inherited)";
				SWIFT_OPTIMIZATION_LEVEL = "-Onone";
			};
			name = Debug;
		};
		DD6001362B46C0DE00DFEE98 /* Release */ = {
			isa = XCBuildConfiguration;
			buildSettings = {
				ALWAYS_SEARCH_USER_PATHS = NO;
				ASSETCATALOG_COMPILER_GENERATE_SWIFT_ASSET_SYMBOL_EXTENSIONS = YES;
				CLANG_ANALYZER_NONNULL = YES;
				CLANG_ANALYZER_NUMBER_OBJECT_CONVERSION = YES_AGGRESSIVE;
				CLANG_CXX_LANGUAGE_STANDARD = "gnu++20";
				CLANG_ENABLE_MODULES = YES;
				CLANG_ENABLE_OBJC_ARC = YES;
				CLANG_ENABLE_OBJC_WEAK = YES;
				CLANG_WARN_BLOCK_CAPTURE_AUTORELEASING = YES;
				CLANG_WARN_BOOL_CONVERSION = YES;
				CLANG_WARN_COMMA = YES;
				CLANG_WARN_CONSTANT_CONVERSION = YES;
				CLANG_WARN_DEPRECATED_OBJC_IMPLEMENTATIONS = YES;
				CLANG_WARN_DIRECT_OBJC_ISA_USAGE = YES_ERROR;
				CLANG_WARN_DOCUMENTATION_COMMENTS = YES;
				CLANG_WARN_EMPTY_BODY = YES;
				CLANG_WARN_ENUM_CONVERSION = YES;
				CLANG_WARN_INFINITE_RECURSION = YES;
				CLANG_WARN_INT_CONVERSION = YES;
				CLANG_WARN_NON_LITERAL_NULL_CONVERSION = YES;
				CLANG_WARN_OBJC_IMPLICIT_RETAIN_SELF = YES;
				CLANG_WARN_OBJC_LITERAL_CONVERSION = YES;
				CLANG_WARN_OBJC_ROOT_CLASS = YES_ERROR;
				CLANG_WARN_QUOTED_INCLUDE_IN_FRAMEWORK_HEADER = YES;
				CLANG_WARN_RANGE_LOOP_ANALYSIS = YES;
				CLANG_WARN_STRICT_PROTOTYPES = YES;
				CLANG_WARN_SUSPICIOUS_MOVE = YES;
				CLANG_WARN_UNGUARDED_AVAILABILITY = YES_AGGRESSIVE;
				CLANG_WARN_UNREACHABLE_CODE = YES;
				CLANG_WARN__DUPLICATE_METHOD_MATCH = YES;
				COPY_PHASE_STRIP = NO;
				DEBUG_INFORMATION_FORMAT = "dwarf-with-dsym";
				ENABLE_NS_ASSERTIONS = NO;
				ENABLE_STRICT_OBJC_MSGSEND = YES;
				ENABLE_USER_SCRIPT_SANDBOXING = NO;
				GCC_C_LANGUAGE_STANDARD = gnu17;
				GCC_NO_COMMON_BLOCKS = YES;
				GCC_WARN_64_TO_32_BIT_CONVERSION = YES;
				GCC_WARN_ABOUT_RETURN_TYPE = YES_ERROR;
				GCC_WARN_UNDECLARED_SELECTOR = YES;
				GCC_WARN_UNINITIALIZED_AUTOS = YES_AGGRESSIVE;
				GCC_WARN_UNUSED_FUNCTION = YES;
				GCC_WARN_UNUSED_VARIABLE = YES;
				IPHONEOS_DEPLOYMENT_TARGET = 15.0;
				LOCALIZATION_PREFERS_STRING_CATALOGS = YES;
				MTL_ENABLE_DEBUG_INFO = NO;
				MTL_FAST_MATH = YES;
				SDKROOT = iphoneos;
				SWIFT_COMPILATION_MODE = wholemodule;
				VALIDATE_PRODUCT = YES;
			};
			name = Release;
		};
		DD6001382B46C0DE00DFEE98 /* Debug */ = {
			isa = XCBuildConfiguration;
			baseConfigurationReference = DFAF9A14D53FA5A91C92F5F3 /* Pods-Honzapda.debug.xcconfig */;
			buildSettings = {
				ASSETCATALOG_COMPILER_APPICON_NAME = AppIcon;
				ASSETCATALOG_COMPILER_GLOBAL_ACCENT_COLOR_NAME = AccentColor;
				CODE_SIGN_IDENTITY = "Apple Development";
				"CODE_SIGN_IDENTITY[sdk=iphoneos*]" = "iPhone Developer";
				CODE_SIGN_STYLE = Manual;
				CURRENT_PROJECT_VERSION = 1;
				DEVELOPMENT_ASSET_PATHS = "\"Honzapda/Preview Content\"";
				DEVELOPMENT_TEAM = "";
				"DEVELOPMENT_TEAM[sdk=iphoneos*]" = 2DF5SKQK2R;
				ENABLE_PREVIEWS = YES;
				GENERATE_INFOPLIST_FILE = YES;
				INFOPLIST_FILE = Honzapda/Info.plist;
				INFOPLIST_KEY_NSLocationAlwaysUsageDescription = "항상 사용해줘 너네 트래킹좀 하게~";
				INFOPLIST_KEY_NSLocationWhenInUseUsageDescription = "앱 사용 중에만 허용해줘 제발~";
				INFOPLIST_KEY_UIApplicationSceneManifest_Generation = YES;
				INFOPLIST_KEY_UIApplicationSupportsIndirectInputEvents = YES;
				INFOPLIST_KEY_UILaunchScreen_Generation = YES;
				INFOPLIST_KEY_UIStatusBarStyle = "";
				INFOPLIST_KEY_UISupportedInterfaceOrientations_iPad = "UIInterfaceOrientationPortrait UIInterfaceOrientationPortraitUpsideDown UIInterfaceOrientationLandscapeLeft UIInterfaceOrientationLandscapeRight";
				INFOPLIST_KEY_UISupportedInterfaceOrientations_iPhone = "UIInterfaceOrientationPortrait UIInterfaceOrientationLandscapeLeft UIInterfaceOrientationLandscapeRight";
				LD_RUNPATH_SEARCH_PATHS = (
					"$(inherited)",
					"@executable_path/Frameworks",
				);
				MARKETING_VERSION = 1.0;
				PRODUCT_BUNDLE_IDENTIFIER = com.youz2me.Honzapda;
				PRODUCT_NAME = "$(TARGET_NAME)";
				PROVISIONING_PROFILE_SPECIFIER = "";
				"PROVISIONING_PROFILE_SPECIFIER[sdk=iphoneos*]" = Honzapda_Development;
				SWIFT_EMIT_LOC_STRINGS = YES;
				SWIFT_VERSION = 5.0;
				TARGETED_DEVICE_FAMILY = "1,2";
			};
			name = Debug;
		};
		DD6001392B46C0DE00DFEE98 /* Release */ = {
			isa = XCBuildConfiguration;
			baseConfigurationReference = 1397630C6448EE408F849471 /* Pods-Honzapda.release.xcconfig */;
			buildSettings = {
				ASSETCATALOG_COMPILER_APPICON_NAME = AppIcon;
				ASSETCATALOG_COMPILER_GLOBAL_ACCENT_COLOR_NAME = AccentColor;
				CODE_SIGN_IDENTITY = "Apple Development";
				"CODE_SIGN_IDENTITY[sdk=iphoneos*]" = "iPhone Distribution";
				CODE_SIGN_STYLE = Manual;
				CURRENT_PROJECT_VERSION = 1;
				DEVELOPMENT_ASSET_PATHS = "\"Honzapda/Preview Content\"";
				DEVELOPMENT_TEAM = "";
				"DEVELOPMENT_TEAM[sdk=iphoneos*]" = 2DF5SKQK2R;
				ENABLE_PREVIEWS = YES;
				GENERATE_INFOPLIST_FILE = YES;
				INFOPLIST_FILE = Honzapda/Info.plist;
				INFOPLIST_KEY_NSLocationAlwaysUsageDescription = "항상 사용해줘 너네 트래킹좀 하게~";
				INFOPLIST_KEY_NSLocationWhenInUseUsageDescription = "앱 사용 중에만 허용해줘 제발~";
				INFOPLIST_KEY_UIApplicationSceneManifest_Generation = YES;
				INFOPLIST_KEY_UIApplicationSupportsIndirectInputEvents = YES;
				INFOPLIST_KEY_UILaunchScreen_Generation = YES;
				INFOPLIST_KEY_UIStatusBarStyle = "";
				INFOPLIST_KEY_UISupportedInterfaceOrientations_iPad = "UIInterfaceOrientationPortrait UIInterfaceOrientationPortraitUpsideDown UIInterfaceOrientationLandscapeLeft UIInterfaceOrientationLandscapeRight";
				INFOPLIST_KEY_UISupportedInterfaceOrientations_iPhone = "UIInterfaceOrientationPortrait UIInterfaceOrientationLandscapeLeft UIInterfaceOrientationLandscapeRight";
				LD_RUNPATH_SEARCH_PATHS = (
					"$(inherited)",
					"@executable_path/Frameworks",
				);
				MARKETING_VERSION = 1.0;
				PRODUCT_BUNDLE_IDENTIFIER = com.youz2me.Honzapda;
				PRODUCT_NAME = "$(TARGET_NAME)";
				PROVISIONING_PROFILE_SPECIFIER = "";
				"PROVISIONING_PROFILE_SPECIFIER[sdk=iphoneos*]" = Honzapda_Distribution;
				SWIFT_EMIT_LOC_STRINGS = YES;
				SWIFT_VERSION = 5.0;
				TARGETED_DEVICE_FAMILY = "1,2";
			};
			name = Release;
		};
/* End XCBuildConfiguration section */

/* Begin XCConfigurationList section */
		DD6001242B46C0DD00DFEE98 /* Build configuration list for PBXProject "Honzapda" */ = {
			isa = XCConfigurationList;
			buildConfigurations = (
				DD6001352B46C0DE00DFEE98 /* Debug */,
				DD6001362B46C0DE00DFEE98 /* Release */,
			);
			defaultConfigurationIsVisible = 0;
			defaultConfigurationName = Release;
		};
		DD6001372B46C0DE00DFEE98 /* Build configuration list for PBXNativeTarget "Honzapda" */ = {
			isa = XCConfigurationList;
			buildConfigurations = (
				DD6001382B46C0DE00DFEE98 /* Debug */,
				DD6001392B46C0DE00DFEE98 /* Release */,
			);
			defaultConfigurationIsVisible = 0;
			defaultConfigurationName = Release;
		};
/* End XCConfigurationList section */

/* Begin XCRemoteSwiftPackageReference section */
		0595C2A12B7D51FA00F5EFE6 /* XCRemoteSwiftPackageReference "url-image" */ = {
			isa = XCRemoteSwiftPackageReference;
			repositoryURL = "https://github.com/dmytro-anokhin/url-image.git";
			requirement = {
				kind = upToNextMajorVersion;
				minimumVersion = 3.1.1;
			};
		};
/* End XCRemoteSwiftPackageReference section */

/* Begin XCSwiftPackageProductDependency section */
		0595C2A22B7D51FA00F5EFE6 /* URLImage */ = {
			isa = XCSwiftPackageProductDependency;
			package = 0595C2A12B7D51FA00F5EFE6 /* XCRemoteSwiftPackageReference "url-image" */;
			productName = URLImage;
		};
		0595C2A42B7D51FA00F5EFE6 /* URLImageStore */ = {
			isa = XCSwiftPackageProductDependency;
			package = 0595C2A12B7D51FA00F5EFE6 /* XCRemoteSwiftPackageReference "url-image" */;
			productName = URLImageStore;
		};
/* End XCSwiftPackageProductDependency section */
	};
	rootObject = DD6001212B46C0DD00DFEE98 /* Project object */;
}
